// !$*UTF8*$!
{
	archiveVersion = 1;
	classes = {
	};
	objectVersion = 46;
	objects = {

/* Begin PBXBuildFile section */
		C1E0F24118DA716700533CB6 /* Foundation.framework in Frameworks */ = {isa = PBXBuildFile; fileRef = C1E0F24018DA716700533CB6 /* Foundation.framework */; };
		C1E0F24318DA716700533CB6 /* CoreGraphics.framework in Frameworks */ = {isa = PBXBuildFile; fileRef = C1E0F24218DA716700533CB6 /* CoreGraphics.framework */; };
		C1E0F24518DA716700533CB6 /* UIKit.framework in Frameworks */ = {isa = PBXBuildFile; fileRef = C1E0F24418DA716700533CB6 /* UIKit.framework */; };
		C1E0F24B18DA716700533CB6 /* InfoPlist.strings in Resources */ = {isa = PBXBuildFile; fileRef = C1E0F24918DA716700533CB6 /* InfoPlist.strings */; };
		C1E0F24D18DA716700533CB6 /* main.m in Sources */ = {isa = PBXBuildFile; fileRef = C1E0F24C18DA716700533CB6 /* main.m */; };
		C1E0F25118DA716700533CB6 /* CardMatcherAppDelegate.m in Sources */ = {isa = PBXBuildFile; fileRef = C1E0F25018DA716700533CB6 /* CardMatcherAppDelegate.m */; };
		C1E0F25418DA716700533CB6 /* Main_iPhone.storyboard in Resources */ = {isa = PBXBuildFile; fileRef = C1E0F25218DA716700533CB6 /* Main_iPhone.storyboard */; };
		C1E0F25A18DA716700533CB6 /* CardMatcherViewController.m in Sources */ = {isa = PBXBuildFile; fileRef = C1E0F25918DA716700533CB6 /* CardMatcherViewController.m */; };
		C1E0F25C18DA716700533CB6 /* Images.xcassets in Resources */ = {isa = PBXBuildFile; fileRef = C1E0F25B18DA716700533CB6 /* Images.xcassets */; };
		C1E0F26318DA716700533CB6 /* XCTest.framework in Frameworks */ = {isa = PBXBuildFile; fileRef = C1E0F26218DA716700533CB6 /* XCTest.framework */; };
		C1E0F26418DA716700533CB6 /* Foundation.framework in Frameworks */ = {isa = PBXBuildFile; fileRef = C1E0F24018DA716700533CB6 /* Foundation.framework */; };
		C1E0F26518DA716700533CB6 /* UIKit.framework in Frameworks */ = {isa = PBXBuildFile; fileRef = C1E0F24418DA716700533CB6 /* UIKit.framework */; };
		C1E0F26D18DA716700533CB6 /* InfoPlist.strings in Resources */ = {isa = PBXBuildFile; fileRef = C1E0F26B18DA716700533CB6 /* InfoPlist.strings */; };
		C1E0F26F18DA716700533CB6 /* CardMatcherTests.m in Sources */ = {isa = PBXBuildFile; fileRef = C1E0F26E18DA716700533CB6 /* CardMatcherTests.m */; };
		C1E0F28218DA814800533CB6 /* Card.m in Sources */ = {isa = PBXBuildFile; fileRef = C1E0F27918DA814800533CB6 /* Card.m */; };
		C1E0F28418DA814800533CB6 /* Deck.m in Sources */ = {isa = PBXBuildFile; fileRef = C1E0F27C18DA814800533CB6 /* Deck.m */; };
		C1E0F28618DA814800533CB6 /* PlayingCard.m in Sources */ = {isa = PBXBuildFile; fileRef = C1E0F27F18DA814800533CB6 /* PlayingCard.m */; };
		C1E0F28718DA814800533CB6 /* PlayingCardDeck.m in Sources */ = {isa = PBXBuildFile; fileRef = C1E0F28118DA814800533CB6 /* PlayingCardDeck.m */; };
		C1E0F28C18DA81CF00533CB6 /* CardTest.m in Sources */ = {isa = PBXBuildFile; fileRef = C1E0F28A18DA81CF00533CB6 /* CardTest.m */; };
		C1E0F28D18DA81CF00533CB6 /* DeckTest.m in Sources */ = {isa = PBXBuildFile; fileRef = C1E0F28B18DA81CF00533CB6 /* DeckTest.m */; };
		C1E0F29018DA81ED00533CB6 /* PlayingCardDeckTest.m in Sources */ = {isa = PBXBuildFile; fileRef = C1E0F28E18DA81ED00533CB6 /* PlayingCardDeckTest.m */; };
		C1E0F29118DA81ED00533CB6 /* PlayingCardTest.m in Sources */ = {isa = PBXBuildFile; fileRef = C1E0F28F18DA81ED00533CB6 /* PlayingCardTest.m */; };
		C1E0F29518DA9E2500533CB6 /* CardMatchingGame.m in Sources */ = {isa = PBXBuildFile; fileRef = C1E0F29418DA9E2500533CB6 /* CardMatchingGame.m */; };
		C1E0F29618DA9E2500533CB6 /* CardMatchingGame.m in Sources */ = {isa = PBXBuildFile; fileRef = C1E0F29418DA9E2500533CB6 /* CardMatchingGame.m */; };
		C1E0F29818DA9E4D00533CB6 /* CardMatchingGameTest.m in Sources */ = {isa = PBXBuildFile; fileRef = C1E0F29718DA9E4D00533CB6 /* CardMatchingGameTest.m */; };
/* End PBXBuildFile section */

/* Begin PBXContainerItemProxy section */
		C1E0F26618DA716700533CB6 /* PBXContainerItemProxy */ = {
			isa = PBXContainerItemProxy;
			containerPortal = C1E0F23518DA716600533CB6 /* Project object */;
			proxyType = 1;
			remoteGlobalIDString = C1E0F23C18DA716700533CB6;
			remoteInfo = CardMatcher;
		};
/* End PBXContainerItemProxy section */

/* Begin PBXFileReference section */
		C1E0F23D18DA716700533CB6 /* CardMatcher.app */ = {isa = PBXFileReference; explicitFileType = wrapper.application; includeInIndex = 0; path = CardMatcher.app; sourceTree = BUILT_PRODUCTS_DIR; };
		C1E0F24018DA716700533CB6 /* Foundation.framework */ = {isa = PBXFileReference; lastKnownFileType = wrapper.framework; name = Foundation.framework; path = System/Library/Frameworks/Foundation.framework; sourceTree = SDKROOT; };
		C1E0F24218DA716700533CB6 /* CoreGraphics.framework */ = {isa = PBXFileReference; lastKnownFileType = wrapper.framework; name = CoreGraphics.framework; path = System/Library/Frameworks/CoreGraphics.framework; sourceTree = SDKROOT; };
		C1E0F24418DA716700533CB6 /* UIKit.framework */ = {isa = PBXFileReference; lastKnownFileType = wrapper.framework; name = UIKit.framework; path = System/Library/Frameworks/UIKit.framework; sourceTree = SDKROOT; };
		C1E0F24818DA716700533CB6 /* CardMatcher-Info.plist */ = {isa = PBXFileReference; lastKnownFileType = text.plist.xml; path = "CardMatcher-Info.plist"; sourceTree = "<group>"; };
		C1E0F24A18DA716700533CB6 /* en */ = {isa = PBXFileReference; lastKnownFileType = text.plist.strings; name = en; path = en.lproj/InfoPlist.strings; sourceTree = "<group>"; };
		C1E0F24C18DA716700533CB6 /* main.m */ = {isa = PBXFileReference; lastKnownFileType = sourcecode.c.objc; path = main.m; sourceTree = "<group>"; };
		C1E0F24E18DA716700533CB6 /* CardMatcher-Prefix.pch */ = {isa = PBXFileReference; lastKnownFileType = sourcecode.c.h; path = "CardMatcher-Prefix.pch"; sourceTree = "<group>"; };
		C1E0F24F18DA716700533CB6 /* CardMatcherAppDelegate.h */ = {isa = PBXFileReference; lastKnownFileType = sourcecode.c.h; path = CardMatcherAppDelegate.h; sourceTree = "<group>"; };
		C1E0F25018DA716700533CB6 /* CardMatcherAppDelegate.m */ = {isa = PBXFileReference; lastKnownFileType = sourcecode.c.objc; path = CardMatcherAppDelegate.m; sourceTree = "<group>"; };
		C1E0F25318DA716700533CB6 /* Base */ = {isa = PBXFileReference; lastKnownFileType = file.storyboard; name = Base; path = Base.lproj/Main_iPhone.storyboard; sourceTree = "<group>"; };
		C1E0F25818DA716700533CB6 /* CardMatcherViewController.h */ = {isa = PBXFileReference; lastKnownFileType = sourcecode.c.h; path = CardMatcherViewController.h; sourceTree = "<group>"; };
		C1E0F25918DA716700533CB6 /* CardMatcherViewController.m */ = {isa = PBXFileReference; lastKnownFileType = sourcecode.c.objc; path = CardMatcherViewController.m; sourceTree = "<group>"; };
		C1E0F25B18DA716700533CB6 /* Images.xcassets */ = {isa = PBXFileReference; lastKnownFileType = folder.assetcatalog; path = Images.xcassets; sourceTree = "<group>"; };
		C1E0F26118DA716700533CB6 /* CardMatcherTests.xctest */ = {isa = PBXFileReference; explicitFileType = wrapper.cfbundle; includeInIndex = 0; path = CardMatcherTests.xctest; sourceTree = BUILT_PRODUCTS_DIR; };
		C1E0F26218DA716700533CB6 /* XCTest.framework */ = {isa = PBXFileReference; lastKnownFileType = wrapper.framework; name = XCTest.framework; path = Library/Frameworks/XCTest.framework; sourceTree = DEVELOPER_DIR; };
		C1E0F26A18DA716700533CB6 /* CardMatcherTests-Info.plist */ = {isa = PBXFileReference; lastKnownFileType = text.plist.xml; path = "CardMatcherTests-Info.plist"; sourceTree = "<group>"; };
		C1E0F26C18DA716700533CB6 /* en */ = {isa = PBXFileReference; lastKnownFileType = text.plist.strings; name = en; path = en.lproj/InfoPlist.strings; sourceTree = "<group>"; };
		C1E0F26E18DA716700533CB6 /* CardMatcherTests.m */ = {isa = PBXFileReference; lastKnownFileType = sourcecode.c.objc; path = CardMatcherTests.m; sourceTree = "<group>"; };
		C1E0F27818DA814800533CB6 /* Card.h */ = {isa = PBXFileReference; fileEncoding = 4; lastKnownFileType = sourcecode.c.h; name = Card.h; path = ../../CardGame/CardGame/Card.h; sourceTree = "<group>"; };
		C1E0F27918DA814800533CB6 /* Card.m */ = {isa = PBXFileReference; fileEncoding = 4; lastKnownFileType = sourcecode.c.objc; name = Card.m; path = ../../CardGame/CardGame/Card.m; sourceTree = "<group>"; };
		C1E0F27B18DA814800533CB6 /* Deck.h */ = {isa = PBXFileReference; fileEncoding = 4; lastKnownFileType = sourcecode.c.h; name = Deck.h; path = ../../CardGame/CardGame/Deck.h; sourceTree = "<group>"; };
		C1E0F27C18DA814800533CB6 /* Deck.m */ = {isa = PBXFileReference; fileEncoding = 4; lastKnownFileType = sourcecode.c.objc; name = Deck.m; path = ../../CardGame/CardGame/Deck.m; sourceTree = "<group>"; };
		C1E0F27E18DA814800533CB6 /* PlayingCard.h */ = {isa = PBXFileReference; fileEncoding = 4; lastKnownFileType = sourcecode.c.h; name = PlayingCard.h; path = ../../CardGame/CardGame/PlayingCard.h; sourceTree = "<group>"; };
		C1E0F27F18DA814800533CB6 /* PlayingCard.m */ = {isa = PBXFileReference; fileEncoding = 4; lastKnownFileType = sourcecode.c.objc; name = PlayingCard.m; path = ../../CardGame/CardGame/PlayingCard.m; sourceTree = "<group>"; };
		C1E0F28018DA814800533CB6 /* PlayingCardDeck.h */ = {isa = PBXFileReference; fileEncoding = 4; lastKnownFileType = sourcecode.c.h; name = PlayingCardDeck.h; path = ../../CardGame/CardGame/PlayingCardDeck.h; sourceTree = "<group>"; };
		C1E0F28118DA814800533CB6 /* PlayingCardDeck.m */ = {isa = PBXFileReference; fileEncoding = 4; lastKnownFileType = sourcecode.c.objc; name = PlayingCardDeck.m; path = ../../CardGame/CardGame/PlayingCardDeck.m; sourceTree = "<group>"; };
		C1E0F28A18DA81CF00533CB6 /* CardTest.m */ = {isa = PBXFileReference; fileEncoding = 4; lastKnownFileType = sourcecode.c.objc; name = CardTest.m; path = "../../CardGame/CardGame Tests/CardTest.m"; sourceTree = "<group>"; };
		C1E0F28B18DA81CF00533CB6 /* DeckTest.m */ = {isa = PBXFileReference; fileEncoding = 4; lastKnownFileType = sourcecode.c.objc; name = DeckTest.m; path = "../../CardGame/CardGame Tests/DeckTest.m"; sourceTree = "<group>"; };
		C1E0F28E18DA81ED00533CB6 /* PlayingCardDeckTest.m */ = {isa = PBXFileReference; fileEncoding = 4; lastKnownFileType = sourcecode.c.objc; name = PlayingCardDeckTest.m; path = "../../CardGame/CardGame Tests/PlayingCardDeckTest.m"; sourceTree = "<group>"; };
		C1E0F28F18DA81ED00533CB6 /* PlayingCardTest.m */ = {isa = PBXFileReference; fileEncoding = 4; lastKnownFileType = sourcecode.c.objc; name = PlayingCardTest.m; path = "../../CardGame/CardGame Tests/PlayingCardTest.m"; sourceTree = "<group>"; };
		C1E0F29318DA9E2500533CB6 /* CardMatchingGame.h */ = {isa = PBXFileReference; fileEncoding = 4; lastKnownFileType = sourcecode.c.h; name = CardMatchingGame.h; path = Model/CardMatchingGame.h; sourceTree = "<group>"; };
		C1E0F29418DA9E2500533CB6 /* CardMatchingGame.m */ = {isa = PBXFileReference; fileEncoding = 4; lastKnownFileType = sourcecode.c.objc; name = CardMatchingGame.m; path = Model/CardMatchingGame.m; sourceTree = "<group>"; };
		C1E0F29718DA9E4D00533CB6 /* CardMatchingGameTest.m */ = {isa = PBXFileReference; fileEncoding = 4; lastKnownFileType = sourcecode.c.objc; path = CardMatchingGameTest.m; sourceTree = "<group>"; };
/* End PBXFileReference section */

/* Begin PBXFrameworksBuildPhase section */
		C1E0F23A18DA716700533CB6 /* Frameworks */ = {
			isa = PBXFrameworksBuildPhase;
			buildActionMask = 2147483647;
			files = (
				C1E0F24318DA716700533CB6 /* CoreGraphics.framework in Frameworks */,
				C1E0F24518DA716700533CB6 /* UIKit.framework in Frameworks */,
				C1E0F24118DA716700533CB6 /* Foundation.framework in Frameworks */,
			);
			runOnlyForDeploymentPostprocessing = 0;
		};
		C1E0F25E18DA716700533CB6 /* Frameworks */ = {
			isa = PBXFrameworksBuildPhase;
			buildActionMask = 2147483647;
			files = (
				C1E0F26318DA716700533CB6 /* XCTest.framework in Frameworks */,
				C1E0F26518DA716700533CB6 /* UIKit.framework in Frameworks */,
				C1E0F26418DA716700533CB6 /* Foundation.framework in Frameworks */,
			);
			runOnlyForDeploymentPostprocessing = 0;
		};
/* End PBXFrameworksBuildPhase section */

/* Begin PBXGroup section */
		C1E0F23418DA716600533CB6 = {
			isa = PBXGroup;
			children = (
				C1E0F24618DA716700533CB6 /* CardMatcher */,
				C1E0F26818DA716700533CB6 /* CardMatcherTests */,
				C1E0F23F18DA716700533CB6 /* Frameworks */,
				C1E0F23E18DA716700533CB6 /* Products */,
			);
			sourceTree = "<group>";
		};
		C1E0F23E18DA716700533CB6 /* Products */ = {
			isa = PBXGroup;
			children = (
				C1E0F23D18DA716700533CB6 /* CardMatcher.app */,
				C1E0F26118DA716700533CB6 /* CardMatcherTests.xctest */,
			);
			name = Products;
			sourceTree = "<group>";
		};
		C1E0F23F18DA716700533CB6 /* Frameworks */ = {
			isa = PBXGroup;
			children = (
				C1E0F24018DA716700533CB6 /* Foundation.framework */,
				C1E0F24218DA716700533CB6 /* CoreGraphics.framework */,
				C1E0F24418DA716700533CB6 /* UIKit.framework */,
				C1E0F26218DA716700533CB6 /* XCTest.framework */,
			);
			name = Frameworks;
			sourceTree = "<group>";
		};
		C1E0F24618DA716700533CB6 /* CardMatcher */ = {
			isa = PBXGroup;
			children = (
				C1E0F28918DA819E00533CB6 /* Model */,
				C1E0F25218DA716700533CB6 /* Main_iPhone.storyboard */,
				C1E0F25818DA716700533CB6 /* CardMatcherViewController.h */,
				C1E0F25918DA716700533CB6 /* CardMatcherViewController.m */,
				C1E0F25B18DA716700533CB6 /* Images.xcassets */,
				C1E0F24718DA716700533CB6 /* Supporting Files */,
			);
			path = CardMatcher;
			sourceTree = "<group>";
		};
		C1E0F24718DA716700533CB6 /* Supporting Files */ = {
			isa = PBXGroup;
			children = (
				C1E0F24F18DA716700533CB6 /* CardMatcherAppDelegate.h */,
				C1E0F25018DA716700533CB6 /* CardMatcherAppDelegate.m */,
				C1E0F24818DA716700533CB6 /* CardMatcher-Info.plist */,
				C1E0F24918DA716700533CB6 /* InfoPlist.strings */,
				C1E0F24C18DA716700533CB6 /* main.m */,
				C1E0F24E18DA716700533CB6 /* CardMatcher-Prefix.pch */,
			);
			name = "Supporting Files";
			sourceTree = "<group>";
		};
		C1E0F26818DA716700533CB6 /* CardMatcherTests */ = {
			isa = PBXGroup;
			children = (
				C1E0F29218DA81F700533CB6 /* ModelTests */,
				C1E0F26E18DA716700533CB6 /* CardMatcherTests.m */,
				C1E0F26918DA716700533CB6 /* Supporting Files */,
			);
			path = CardMatcherTests;
			sourceTree = "<group>";
		};
		C1E0F26918DA716700533CB6 /* Supporting Files */ = {
			isa = PBXGroup;
			children = (
				C1E0F26A18DA716700533CB6 /* CardMatcherTests-Info.plist */,
				C1E0F26B18DA716700533CB6 /* InfoPlist.strings */,
			);
			name = "Supporting Files";
			sourceTree = "<group>";
		};
		C1E0F28918DA819E00533CB6 /* Model */ = {
			isa = PBXGroup;
			children = (
				C1E0F27818DA814800533CB6 /* Card.h */,
				C1E0F27918DA814800533CB6 /* Card.m */,
				C1E0F27B18DA814800533CB6 /* Deck.h */,
				C1E0F27C18DA814800533CB6 /* Deck.m */,
				C1E0F27E18DA814800533CB6 /* PlayingCard.h */,
				C1E0F27F18DA814800533CB6 /* PlayingCard.m */,
				C1E0F28018DA814800533CB6 /* PlayingCardDeck.h */,
				C1E0F28118DA814800533CB6 /* PlayingCardDeck.m */,
				C1E0F29318DA9E2500533CB6 /* CardMatchingGame.h */,
				C1E0F29418DA9E2500533CB6 /* CardMatchingGame.m */,
			);
			name = Model;
			sourceTree = "<group>";
		};
		C1E0F29218DA81F700533CB6 /* ModelTests */ = {
			isa = PBXGroup;
			children = (
				C1E0F28E18DA81ED00533CB6 /* PlayingCardDeckTest.m */,
				C1E0F28F18DA81ED00533CB6 /* PlayingCardTest.m */,
				C1E0F28A18DA81CF00533CB6 /* CardTest.m */,
				C1E0F28B18DA81CF00533CB6 /* DeckTest.m */,
				C1E0F29718DA9E4D00533CB6 /* CardMatchingGameTest.m */,
			);
			name = ModelTests;
			sourceTree = "<group>";
		};
/* End PBXGroup section */

/* Begin PBXNativeTarget section */
		C1E0F23C18DA716700533CB6 /* CardMatcher */ = {
			isa = PBXNativeTarget;
			buildConfigurationList = C1E0F27218DA716700533CB6 /* Build configuration list for PBXNativeTarget "CardMatcher" */;
			buildPhases = (
				C1E0F23918DA716700533CB6 /* Sources */,
				C1E0F23A18DA716700533CB6 /* Frameworks */,
				C1E0F23B18DA716700533CB6 /* Resources */,
			);
			buildRules = (
			);
			dependencies = (
			);
			name = CardMatcher;
			productName = CardMatcher;
			productReference = C1E0F23D18DA716700533CB6 /* CardMatcher.app */;
			productType = "com.apple.product-type.application";
		};
		C1E0F26018DA716700533CB6 /* CardMatcherTests */ = {
			isa = PBXNativeTarget;
			buildConfigurationList = C1E0F27518DA716700533CB6 /* Build configuration list for PBXNativeTarget "CardMatcherTests" */;
			buildPhases = (
				C1E0F25D18DA716700533CB6 /* Sources */,
				C1E0F25E18DA716700533CB6 /* Frameworks */,
				C1E0F25F18DA716700533CB6 /* Resources */,
			);
			buildRules = (
			);
			dependencies = (
				C1E0F26718DA716700533CB6 /* PBXTargetDependency */,
			);
			name = CardMatcherTests;
			productName = CardMatcherTests;
			productReference = C1E0F26118DA716700533CB6 /* CardMatcherTests.xctest */;
			productType = "com.apple.product-type.bundle.unit-test";
		};
/* End PBXNativeTarget section */

/* Begin PBXProject section */
		C1E0F23518DA716600533CB6 /* Project object */ = {
			isa = PBXProject;
			attributes = {
				CLASSPREFIX = CardMatcher;
				LastUpgradeCheck = 0510;
				ORGANIZATIONNAME = WoracesWorkshop;
				TargetAttributes = {
					C1E0F26018DA716700533CB6 = {
						TestTargetID = C1E0F23C18DA716700533CB6;
					};
				};
			};
			buildConfigurationList = C1E0F23818DA716600533CB6 /* Build configuration list for PBXProject "CardMatcher" */;
			compatibilityVersion = "Xcode 3.2";
			developmentRegion = English;
			hasScannedForEncodings = 0;
			knownRegions = (
				en,
				Base,
			);
			mainGroup = C1E0F23418DA716600533CB6;
			productRefGroup = C1E0F23E18DA716700533CB6 /* Products */;
			projectDirPath = "";
			projectRoot = "";
			targets = (
				C1E0F23C18DA716700533CB6 /* CardMatcher */,
				C1E0F26018DA716700533CB6 /* CardMatcherTests */,
			);
		};
/* End PBXProject section */

/* Begin PBXResourcesBuildPhase section */
		C1E0F23B18DA716700533CB6 /* Resources */ = {
			isa = PBXResourcesBuildPhase;
			buildActionMask = 2147483647;
			files = (
				C1E0F25C18DA716700533CB6 /* Images.xcassets in Resources */,
				C1E0F25418DA716700533CB6 /* Main_iPhone.storyboard in Resources */,
				C1E0F24B18DA716700533CB6 /* InfoPlist.strings in Resources */,
			);
			runOnlyForDeploymentPostprocessing = 0;
		};
		C1E0F25F18DA716700533CB6 /* Resources */ = {
			isa = PBXResourcesBuildPhase;
			buildActionMask = 2147483647;
			files = (
				C1E0F26D18DA716700533CB6 /* InfoPlist.strings in Resources */,
			);
			runOnlyForDeploymentPostprocessing = 0;
		};
/* End PBXResourcesBuildPhase section */

/* Begin PBXSourcesBuildPhase section */
		C1E0F23918DA716700533CB6 /* Sources */ = {
			isa = PBXSourcesBuildPhase;
			buildActionMask = 2147483647;
			files = (
				C1E0F28418DA814800533CB6 /* Deck.m in Sources */,
				C1E0F28718DA814800533CB6 /* PlayingCardDeck.m in Sources */,
				C1E0F25A18DA716700533CB6 /* CardMatcherViewController.m in Sources */,
				C1E0F28618DA814800533CB6 /* PlayingCard.m in Sources */,
				C1E0F29518DA9E2500533CB6 /* CardMatchingGame.m in Sources */,
				C1E0F24D18DA716700533CB6 /* main.m in Sources */,
				C1E0F25118DA716700533CB6 /* CardMatcherAppDelegate.m in Sources */,
				C1E0F28218DA814800533CB6 /* Card.m in Sources */,
			);
			runOnlyForDeploymentPostprocessing = 0;
		};
		C1E0F25D18DA716700533CB6 /* Sources */ = {
			isa = PBXSourcesBuildPhase;
			buildActionMask = 2147483647;
			files = (
				C1E0F29618DA9E2500533CB6 /* CardMatchingGame.m in Sources */,
				C1E0F28D18DA81CF00533CB6 /* DeckTest.m in Sources */,
				C1E0F29818DA9E4D00533CB6 /* CardMatchingGameTest.m in Sources */,
				C1E0F29018DA81ED00533CB6 /* PlayingCardDeckTest.m in Sources */,
				C1E0F29118DA81ED00533CB6 /* PlayingCardTest.m in Sources */,
				C1E0F26F18DA716700533CB6 /* CardMatcherTests.m in Sources */,
				C1E0F28C18DA81CF00533CB6 /* CardTest.m in Sources */,
			);
			runOnlyForDeploymentPostprocessing = 0;
		};
/* End PBXSourcesBuildPhase section */

/* Begin PBXTargetDependency section */
		C1E0F26718DA716700533CB6 /* PBXTargetDependency */ = {
			isa = PBXTargetDependency;
			target = C1E0F23C18DA716700533CB6 /* CardMatcher */;
			targetProxy = C1E0F26618DA716700533CB6 /* PBXContainerItemProxy */;
		};
/* End PBXTargetDependency section */

/* Begin PBXVariantGroup section */
		C1E0F24918DA716700533CB6 /* InfoPlist.strings */ = {
			isa = PBXVariantGroup;
			children = (
				C1E0F24A18DA716700533CB6 /* en */,
			);
			name = InfoPlist.strings;
			sourceTree = "<group>";
		};
		C1E0F25218DA716700533CB6 /* Main_iPhone.storyboard */ = {
			isa = PBXVariantGroup;
			children = (
				C1E0F25318DA716700533CB6 /* Base */,
			);
			name = Main_iPhone.storyboard;
			sourceTree = "<group>";
		};
		C1E0F26B18DA716700533CB6 /* InfoPlist.strings */ = {
			isa = PBXVariantGroup;
			children = (
				C1E0F26C18DA716700533CB6 /* en */,
			);
			name = InfoPlist.strings;
			sourceTree = "<group>";
		};
/* End PBXVariantGroup section */

/* Begin XCBuildConfiguration section */
		C1E0F27018DA716700533CB6 /* Debug */ = {
			isa = XCBuildConfiguration;
			buildSettings = {
				ALWAYS_SEARCH_USER_PATHS = NO;
				CLANG_CXX_LANGUAGE_STANDARD = "gnu++0x";
				CLANG_CXX_LIBRARY = "libc++";
				CLANG_ENABLE_MODULES = YES;
				CLANG_ENABLE_OBJC_ARC = YES;
				CLANG_WARN_BOOL_CONVERSION = YES;
				CLANG_WARN_CONSTANT_CONVERSION = YES;
				CLANG_WARN_DIRECT_OBJC_ISA_USAGE = YES_ERROR;
				CLANG_WARN_EMPTY_BODY = YES;
				CLANG_WARN_ENUM_CONVERSION = YES;
				CLANG_WARN_INT_CONVERSION = YES;
				CLANG_WARN_OBJC_ROOT_CLASS = YES_ERROR;
				CLANG_WARN__DUPLICATE_METHOD_MATCH = YES;
				"CODE_SIGN_IDENTITY[sdk=iphoneos*]" = "iPhone Developer";
				COPY_PHASE_STRIP = NO;
				GCC_C_LANGUAGE_STANDARD = gnu99;
				GCC_DYNAMIC_NO_PIC = NO;
				GCC_OPTIMIZATION_LEVEL = 0;
				GCC_PREPROCESSOR_DEFINITIONS = (
					"DEBUG=1",
					"$(inherited)",
				);
				GCC_SYMBOLS_PRIVATE_EXTERN = NO;
				GCC_WARN_64_TO_32_BIT_CONVERSION = YES;
				GCC_WARN_ABOUT_RETURN_TYPE = YES_ERROR;
				GCC_WARN_UNDECLARED_SELECTOR = YES;
				GCC_WARN_UNINITIALIZED_AUTOS = YES_AGGRESSIVE;
				GCC_WARN_UNUSED_FUNCTION = YES;
				GCC_WARN_UNUSED_VARIABLE = YES;
				IPHONEOS_DEPLOYMENT_TARGET = 7.1;
				ONLY_ACTIVE_ARCH = YES;
				SDKROOT = iphoneos;
				TARGETED_DEVICE_FAMILY = "1,2";
			};
			name = Debug;
		};
		C1E0F27118DA716700533CB6 /* Release */ = {
			isa = XCBuildConfiguration;
			buildSettings = {
				ALWAYS_SEARCH_USER_PATHS = NO;
				CLANG_CXX_LANGUAGE_STANDARD = "gnu++0x";
				CLANG_CXX_LIBRARY = "libc++";
				CLANG_ENABLE_MODULES = YES;
				CLANG_ENABLE_OBJC_ARC = YES;
				CLANG_WARN_BOOL_CONVERSION = YES;
				CLANG_WARN_CONSTANT_CONVERSION = YES;
				CLANG_WARN_DIRECT_OBJC_ISA_USAGE = YES_ERROR;
				CLANG_WARN_EMPTY_BODY = YES;
				CLANG_WARN_ENUM_CONVERSION = YES;
				CLANG_WARN_INT_CONVERSION = YES;
				CLANG_WARN_OBJC_ROOT_CLASS = YES_ERROR;
				CLANG_WARN__DUPLICATE_METHOD_MATCH = YES;
				"CODE_SIGN_IDENTITY[sdk=iphoneos*]" = "iPhone Developer";
				COPY_PHASE_STRIP = YES;
				ENABLE_NS_ASSERTIONS = NO;
				GCC_C_LANGUAGE_STANDARD = gnu99;
				GCC_WARN_64_TO_32_BIT_CONVERSION = YES;
				GCC_WARN_ABOUT_RETURN_TYPE = YES_ERROR;
				GCC_WARN_UNDECLARED_SELECTOR = YES;
				GCC_WARN_UNINITIALIZED_AUTOS = YES_AGGRESSIVE;
				GCC_WARN_UNUSED_FUNCTION = YES;
				GCC_WARN_UNUSED_VARIABLE = YES;
				IPHONEOS_DEPLOYMENT_TARGET = 7.1;
				SDKROOT = iphoneos;
				TARGETED_DEVICE_FAMILY = "1,2";
				VALIDATE_PRODUCT = YES;
			};
			name = Release;
		};
		C1E0F27318DA716700533CB6 /* Debug */ = {
			isa = XCBuildConfiguration;
			buildSettings = {
				ASSETCATALOG_COMPILER_APPICON_NAME = AppIcon;
				ASSETCATALOG_COMPILER_LAUNCHIMAGE_NAME = LaunchImage;
				GCC_PRECOMPILE_PREFIX_HEADER = YES;
				GCC_PREFIX_HEADER = "CardMatcher/CardMatcher-Prefix.pch";
				INFOPLIST_FILE = "CardMatcher/CardMatcher-Info.plist";
				PRODUCT_NAME = "$(TARGET_NAME)";
				TARGETED_DEVICE_FAMILY = 1;
				WRAPPER_EXTENSION = app;
			};
			name = Debug;
		};
		C1E0F27418DA716700533CB6 /* Release */ = {
			isa = XCBuildConfiguration;
			buildSettings = {
				ASSETCATALOG_COMPILER_APPICON_NAME = AppIcon;
				ASSETCATALOG_COMPILER_LAUNCHIMAGE_NAME = LaunchImage;
				GCC_PRECOMPILE_PREFIX_HEADER = YES;
				GCC_PREFIX_HEADER = "CardMatcher/CardMatcher-Prefix.pch";
				INFOPLIST_FILE = "CardMatcher/CardMatcher-Info.plist";
				PRODUCT_NAME = "$(TARGET_NAME)";
				TARGETED_DEVICE_FAMILY = 1;
				WRAPPER_EXTENSION = app;
			};
			name = Release;
		};
		C1E0F27618DA716700533CB6 /* Debug */ = {
			isa = XCBuildConfiguration;
			buildSettings = {
				BUNDLE_LOADER = "$(BUILT_PRODUCTS_DIR)/CardMatcher.app/CardMatcher";
				FRAMEWORK_SEARCH_PATHS = (
					"$(SDKROOT)/Developer/Library/Frameworks",
					"$(inherited)",
					"$(DEVELOPER_FRAMEWORKS_DIR)",
				);
				GCC_PRECOMPILE_PREFIX_HEADER = YES;
				GCC_PREFIX_HEADER = "CardMatcher/CardMatcher-Prefix.pch";
				GCC_PREPROCESSOR_DEFINITIONS = (
					"DEBUG=1",
					"$(inherited)",
				);
				INFOPLIST_FILE = "CardMatcherTests/CardMatcherTests-Info.plist";
				PRODUCT_NAME = "$(TARGET_NAME)";
				TEST_HOST = "$(BUNDLE_LOADER)";
				WRAPPER_EXTENSION = xctest;
			};
			name = Debug;
		};
		C1E0F27718DA716700533CB6 /* Release */ = {
			isa = XCBuildConfiguration;
			buildSettings = {
				BUNDLE_LOADER = "$(BUILT_PRODUCTS_DIR)/CardMatcher.app/CardMatcher";
				FRAMEWORK_SEARCH_PATHS = (
					"$(SDKROOT)/Developer/Library/Frameworks",
					"$(inherited)",
					"$(DEVELOPER_FRAMEWORKS_DIR)",
				);
				GCC_PRECOMPILE_PREFIX_HEADER = YES;
				GCC_PREFIX_HEADER = "CardMatcher/CardMatcher-Prefix.pch";
				INFOPLIST_FILE = "CardMatcherTests/CardMatcherTests-Info.plist";
				PRODUCT_NAME = "$(TARGET_NAME)";
				TEST_HOST = "$(BUNDLE_LOADER)";
				WRAPPER_EXTENSION = xctest;
			};
			name = Release;
		};
/* End XCBuildConfiguration section */

/* Begin XCConfigurationList section */
		C1E0F23818DA716600533CB6 /* Build configuration list for PBXProject "CardMatcher" */ = {
			isa = XCConfigurationList;
			buildConfigurations = (
				C1E0F27018DA716700533CB6 /* Debug */,
				C1E0F27118DA716700533CB6 /* Release */,
			);
			defaultConfigurationIsVisible = 0;
			defaultConfigurationName = Release;
		};
		C1E0F27218DA716700533CB6 /* Build configuration list for PBXNativeTarget "CardMatcher" */ = {
			isa = XCConfigurationList;
			buildConfigurations = (
				C1E0F27318DA716700533CB6 /* Debug */,
				C1E0F27418DA716700533CB6 /* Release */,
			);
			defaultConfigurationIsVisible = 0;
		};
		C1E0F27518DA716700533CB6 /* Build configuration list for PBXNativeTarget "CardMatcherTests" */ = {
			isa = XCConfigurationList;
			buildConfigurations = (
				C1E0F27618DA716700533CB6 /* Debug */,
				C1E0F27718DA716700533CB6 /* Release */,
			);
			defaultConfigurationIsVisible = 0;
		};
/* End XCConfigurationList section */
	};
	rootObject = C1E0F23518DA716600533CB6 /* Project object */;
}
